{
  "name": "heaths.github.io",
  "lockfileVersion": 3,
  "requires": true,
  "packages": {
    "": {
      "devDependencies": {
        "@shopify/prettier-plugin-liquid": "^1.10.0",
        "prettier": "^3.8.1",
        "sequoia-cli": "^0.5.1"
      }
    },
    "node_modules/@atproto-labs/did-resolver": {
      "version": "0.2.6",
      "resolved": "https://registry.npmjs.org/@atproto-labs/did-resolver/-/did-resolver-0.2.6.tgz",
      "integrity": "sha512-2K1bC04nI2fmgNcvof+yA28IhGlpWn2JKYlPa7To9JTKI45FINCGkQSGiL2nyXlyzDJJ34fZ1aq6/IRFIOIiqg==",
      "dev": true,
      "license": "MIT",
      "dependencies": {
        "@atproto-labs/fetch": "0.2.3",
        "@atproto-labs/pipe": "0.1.1",
        "@atproto-labs/simple-store": "0.3.0",
        "@atproto-labs/simple-store-memory": "0.1.4",
        "@atproto/did": "0.3.0",
        "zod": "^3.23.8"
      }
    },
    "node_modules/@atproto-labs/fetch": {
      "version": "0.2.3",
      "resolved": "https://registry.npmjs.org/@atproto-labs/fetch/-/fetch-0.2.3.tgz",
      "integrity": "sha512-NZtbJOCbxKUFRFKMpamT38PUQMY0hX0p7TG5AEYOPhZKZEP7dHZ1K2s1aB8MdVH0qxmqX7nQleNrrvLf09Zfdw==",
      "dev": true,
      "license": "MIT",
      "dependencies": {
        "@atproto-labs/pipe": "0.1.1"
      }
    },
    "node_modules/@atproto-labs/fetch-node": {
      "version": "0.2.0",
      "resolved": "https://registry.npmjs.org/@atproto-labs/fetch-node/-/fetch-node-0.2.0.tgz",
      "integrity": "sha512-Krq09nH/aeoiU2s9xdHA0FjTEFWG9B5FFenipv1iRixCcPc7V3DhTNDawxG9gI8Ny0k4dBVS9WTRN/IDzBx86Q==",
      "dev": true,
      "license": "MIT",
      "dependencies": {
        "@atproto-labs/fetch": "0.2.3",
        "@atproto-labs/pipe": "0.1.1",
        "ipaddr.js": "^2.1.0",
        "undici": "^6.14.1"
      },
      "engines": {
        "node": ">=18.7.0"
      }
    },
    "node_modules/@atproto-labs/handle-resolver": {
      "version": "0.3.6",
      "resolved": "https://registry.npmjs.org/@atproto-labs/handle-resolver/-/handle-resolver-0.3.6.tgz",
      "integrity": "sha512-qnSTXvOBNj1EHhp2qTWSX8MS5q3AwYU5LKlt5fBvSbCjgmTr2j0URHCv+ydrwO55KvsojIkTMgeMOh4YuY4fCA==",
      "dev": true,
      "license": "MIT",
      "dependencies": {
        "@atproto-labs/simple-store": "0.3.0",
        "@atproto-labs/simple-store-memory": "0.1.4",
        "@atproto/did": "0.3.0",
        "zod": "^3.23.8"
      }
    },
    "node_modules/@atproto-labs/handle-resolver-node": {
      "version": "0.1.25",
      "resolved": "https://registry.npmjs.org/@atproto-labs/handle-resolver-node/-/handle-resolver-node-0.1.25.tgz",
      "integrity": "sha512-NY9WYM2VLd3IuMGRkkmvGBg8xqVEaK/fitv1vD8SMXqFTekdpjOLCCyv7EFtqVHouzmDcL83VOvWRfHVa8V9Yw==",
      "dev": true,
      "license": "MIT",
      "dependencies": {
        "@atproto-labs/fetch-node": "0.2.0",
        "@atproto-labs/handle-resolver": "0.3.6",
        "@atproto/did": "0.3.0"
      },
      "engines": {
        "node": ">=18.7.0"
      }
    },
    "node_modules/@atproto-labs/identity-resolver": {
      "version": "0.3.6",
      "resolved": "https://registry.npmjs.org/@atproto-labs/identity-resolver/-/identity-resolver-0.3.6.tgz",
      "integrity": "sha512-qoWqBDRobln0NR8L8dQjSp79E0chGkBhibEgxQa2f9WD+JbJdjQ0YvwwO5yeQn05pJoJmAwmI2wyJ45zjU7aWg==",
      "dev": true,
      "license": "MIT",
      "dependencies": {
        "@atproto-labs/did-resolver": "0.2.6",
        "@atproto-labs/handle-resolver": "0.3.6"
      }
    },
    "node_modules/@atproto-labs/pipe": {
      "version": "0.1.1",
      "resolved": "https://registry.npmjs.org/@atproto-labs/pipe/-/pipe-0.1.1.tgz",
      "integrity": "sha512-hdNw2oUs2B6BN1lp+32pF7cp8EMKuIN5Qok2Vvv/aOpG/3tNSJ9YkvfI0k6Zd188LeDDYRUpYpxcoFIcGH/FNg==",
      "dev": true,
      "license": "MIT"
    },
    "node_modules/@atproto-labs/simple-store": {
      "version": "0.3.0",
      "resolved": "https://registry.npmjs.org/@atproto-labs/simple-store/-/simple-store-0.3.0.tgz",
      "integrity": "sha512-nOb6ONKBRJHRlukW1sVawUkBqReLlLx6hT35VS3imaNPwiXDxLnTK7lxw3Lrl9k5yugSBDQAkZAq3MPTEFSUBQ==",
      "dev": true,
      "license": "MIT"
    },
    "node_modules/@atproto-labs/simple-store-memory": {
      "version": "0.1.4",
      "resolved": "https://registry.npmjs.org/@atproto-labs/simple-store-memory/-/simple-store-memory-0.1.4.tgz",
      "integrity": "sha512-3mKY4dP8I7yKPFj9VKpYyCRzGJOi5CEpOLPlRhoJyLmgs3J4RzDrjn323Oakjz2Aj2JzRU/AIvWRAZVhpYNJHw==",
      "dev": true,
      "license": "MIT",
      "dependencies": {
        "@atproto-labs/simple-store": "0.3.0",
        "lru-cache": "^10.2.0"
      }
    },
    "node_modules/@atproto/api": {
      "version": "0.18.21",
      "resolved": "https://registry.npmjs.org/@atproto/api/-/api-0.18.21.tgz",
      "integrity": "sha512-s35MIJerGT/pKe2xJtKKswqlIr/ola2r2iURBKBL0Mk1OKe6jP4YvTMh1N2d2PEANFzNNTbKoDaLfJPo2Uvc/w==",
      "dev": true,
      "license": "MIT",
      "dependencies": {
        "@atproto/common-web": "^0.4.16",
        "@atproto/lexicon": "^0.6.1",
        "@atproto/syntax": "^0.4.3",
        "@atproto/xrpc": "^0.7.7",
        "await-lock": "^2.2.2",
        "multiformats": "^9.9.0",
        "tlds": "^1.234.0",
        "zod": "^3.23.8"
      }
    },
    "node_modules/@atproto/common-web": {
      "version": "0.4.19",
      "resolved": "https://registry.npmjs.org/@atproto/common-web/-/common-web-0.4.19.tgz",
      "integrity": "sha512-3BTi58p5WpT+9/zb6UZrdsXcfPo5P45UJm0E4iwHLILr+jc37CuBj9JReDSZ4U0i9RTrI3ZkfySyZ9bd+LnMsw==",
      "dev": true,
      "license": "MIT",
      "dependencies": {
        "@atproto/lex-data": "^0.0.14",
        "@atproto/lex-json": "^0.0.14",
        "@atproto/syntax": "^0.5.1",
        "zod": "^3.23.8"
      }
    },
    "node_modules/@atproto/common-web/node_modules/@atproto/syntax": {
      "version": "0.5.1",
      "resolved": "https://registry.npmjs.org/@atproto/syntax/-/syntax-0.5.1.tgz",
      "integrity": "sha512-J8DJjgKgACIyCTbpfvoTnf7+ofTx1kxTGO7KAftkC+jczaMdQhKdgIBAg2DaYy+80cvYGTHy5q/HI9qMAwGbWw==",
      "dev": true,
      "license": "MIT",
      "dependencies": {
        "tslib": "^2.8.1"
      }
    },
    "node_modules/@atproto/did": {
      "version": "0.3.0",
      "resolved": "https://registry.npmjs.org/@atproto/did/-/did-0.3.0.tgz",
      "integrity": "sha512-raUPzUGegtW/6OxwCmM8bhZvuIMzxG5t9oWsth6Tp91Kb5fTnHV2h/KKNF1C82doeA4BdXCErTyg7ISwLbQkzA==",
      "dev": true,
      "license": "MIT",
      "dependencies": {
        "zod": "^3.23.8"
      }
    },
    "node_modules/@atproto/jwk": {
      "version": "0.6.0",
      "resolved": "https://registry.npmjs.org/@atproto/jwk/-/jwk-0.6.0.tgz",
      "integrity": "sha512-bDoJPvt7TrQVi/rBfBrSSpGykhtIriKxeYCYQTiPRKFfyRhbgpElF0wPXADjIswnbzZdOwbY63az4E/CFVT3Tw==",
      "dev": true,
      "license": "MIT",
      "dependencies": {
        "multiformats": "^9.9.0",
        "zod": "^3.23.8"
      }
    },
    "node_modules/@atproto/jwk-jose": {
      "version": "0.1.11",
      "resolved": "https://registry.npmjs.org/@atproto/jwk-jose/-/jwk-jose-0.1.11.tgz",
      "integrity": "sha512-i4Fnr2sTBYmMmHXl7NJh8GrCH+tDQEVWrcDMDnV5DjJfkgT17wIqvojIw9SNbSL4Uf0OtfEv6AgG0A+mgh8b5Q==",
      "dev": true,
      "license": "MIT",
      "dependencies": {
        "@atproto/jwk": "0.6.0",
        "jose": "^5.2.0"
      }
    },
    "node_modules/@atproto/jwk-webcrypto": {
      "version": "0.2.0",
      "resolved": "https://registry.npmjs.org/@atproto/jwk-webcrypto/-/jwk-webcrypto-0.2.0.tgz",
      "integrity": "sha512-UmgRrrEAkWvxwhlwe30UmDOdTEFidlIzBC7C3cCbeJMcBN1x8B3KH+crXrsTqfWQBG58mXgt8wgSK3Kxs2LhFg==",
      "dev": true,
      "license": "MIT",
      "dependencies": {
        "@atproto/jwk": "0.6.0",
        "@atproto/jwk-jose": "0.1.11",
        "zod": "^3.23.8"
      }
    },
    "node_modules/@atproto/lex-data": {
      "version": "0.0.14",
      "resolved": "https://registry.npmjs.org/@atproto/lex-data/-/lex-data-0.0.14.tgz",
      "integrity": "sha512-53DUa9664SS76nGAMYopWsO10OH0AAdf7P/HSKB6Wzx3iqe6lk/K61QZnKxOG1LreYl5CfvIJU6eNf4txI6GlQ==",
      "dev": true,
      "license": "MIT",
      "dependencies": {
        "multiformats": "^9.9.0",
        "tslib": "^2.8.1",
        "uint8arrays": "3.0.0",
        "unicode-segmenter": "^0.14.0"
      }
    },
    "node_modules/@atproto/lex-json": {
      "version": "0.0.14",
      "resolved": "https://registry.npmjs.org/@atproto/lex-json/-/lex-json-0.0.14.tgz",
      "integrity": "sha512-6lPkDKqe7teEu4WrN5q7400cvZKgYS3uwUMvzG3F9XkgVYhOwSDCtouV/nSLBbpvo3l9OP0kiigtclcNcyekww==",
      "dev": true,
      "license": "MIT",
      "dependencies": {
        "@atproto/lex-data": "^0.0.14",
        "tslib": "^2.8.1"
      }
    },
    "node_modules/@atproto/lexicon": {
      "version": "0.6.2",
      "resolved": "https://registry.npmjs.org/@atproto/lexicon/-/lexicon-0.6.2.tgz",
      "integrity": "sha512-p3Ly6hinVZW0ETuAXZMeUGwuMm3g8HvQMQ41yyEE6AL0hAkfeKFaZKos6BdBrr6CjkpbrDZqE8M+5+QOceysMw==",
      "dev": true,
      "license": "MIT",
      "dependencies": {
        "@atproto/common-web": "^0.4.18",
        "@atproto/syntax": "^0.5.0",
        "iso-datestring-validator": "^2.2.2",
        "multiformats": "^9.9.0",
        "zod": "^3.23.8"
      }
    },
    "node_modules/@atproto/lexicon/node_modules/@atproto/syntax": {
      "version": "0.5.1",
      "resolved": "https://registry.npmjs.org/@atproto/syntax/-/syntax-0.5.1.tgz",
      "integrity": "sha512-J8DJjgKgACIyCTbpfvoTnf7+ofTx1kxTGO7KAftkC+jczaMdQhKdgIBAg2DaYy+80cvYGTHy5q/HI9qMAwGbWw==",
      "dev": true,
      "license": "MIT",
      "dependencies": {
        "tslib": "^2.8.1"
      }
    },
    "node_modules/@atproto/oauth-client": {
      "version": "0.6.0",
      "resolved": "https://registry.npmjs.org/@atproto/oauth-client/-/oauth-client-0.6.0.tgz",
      "integrity": "sha512-F7ZTKzFptXgyihMkd7QTdRSkrh4XqrS+qTw+V81k5Q6Bh3MB1L3ypvfSJ6v7SSUJa6XxoZYJTCahHC1e+ndE6Q==",
      "dev": true,
      "license": "MIT",
      "dependencies": {
        "@atproto-labs/did-resolver": "^0.2.6",
        "@atproto-labs/fetch": "^0.2.3",
        "@atproto-labs/handle-resolver": "^0.3.6",
        "@atproto-labs/identity-resolver": "^0.3.6",
        "@atproto-labs/simple-store": "^0.3.0",
        "@atproto-labs/simple-store-memory": "^0.1.4",
        "@atproto/did": "^0.3.0",
        "@atproto/jwk": "^0.6.0",
        "@atproto/oauth-types": "^0.6.3",
        "@atproto/xrpc": "^0.7.7",
        "core-js": "^3",
        "multiformats": "^9.9.0",
        "zod": "^3.23.8"
      }
    },
    "node_modules/@atproto/oauth-client-node": {
      "version": "0.3.17",
      "resolved": "https://registry.npmjs.org/@atproto/oauth-client-node/-/oauth-client-node-0.3.17.tgz",
      "integrity": "sha512-67LNuKAlC35Exe7CB5S0QCAnEqr6fKV9Nvp64jAHFof1N+Vc9Ltt1K9oekE5Ctf7dvpGByrHRF0noUw9l9sWLA==",
      "dev": true,
      "license": "MIT",
      "dependencies": {
        "@atproto-labs/did-resolver": "^0.2.6",
        "@atproto-labs/handle-resolver-node": "^0.1.25",
        "@atproto-labs/simple-store": "^0.3.0",
        "@atproto/did": "^0.3.0",
        "@atproto/jwk": "^0.6.0",
        "@atproto/jwk-jose": "^0.1.11",
        "@atproto/jwk-webcrypto": "^0.2.0",
        "@atproto/oauth-client": "^0.6.0",
        "@atproto/oauth-types": "^0.6.3"
      },
      "engines": {
        "node": ">=18.7.0"
      }
    },
    "node_modules/@atproto/oauth-types": {
      "version": "0.6.3",
      "resolved": "https://registry.npmjs.org/@atproto/oauth-types/-/oauth-types-0.6.3.tgz",
      "integrity": "sha512-jdKuoPknJuh/WjI+mYk7agSbx9mNVMbS6Dr3k1z2YMY2oRiCQjxYBuo4MLKATbxj05nMQaZRWlHRUazoAu5Cng==",
      "dev": true,
      "license": "MIT",
      "dependencies": {
        "@atproto/did": "^0.3.0",
        "@atproto/jwk": "^0.6.0",
        "zod": "^3.23.8"
      }
    },
    "node_modules/@atproto/syntax": {
      "version": "0.4.3",
      "resolved": "https://registry.npmjs.org/@atproto/syntax/-/syntax-0.4.3.tgz",
      "integrity": "sha512-YoZUz40YAJr5nPwvCDWgodEOlt5IftZqPJvA0JDWjuZKD8yXddTwSzXSaKQAzGOpuM+/A3uXRtPzJJqlScc+iA==",
      "dev": true,
      "license": "MIT",
      "dependencies": {
        "tslib": "^2.8.1"
      }
    },
    "node_modules/@atproto/xrpc": {
      "version": "0.7.7",
      "resolved": "https://registry.npmjs.org/@atproto/xrpc/-/xrpc-0.7.7.tgz",
      "integrity": "sha512-K1ZyO/BU8JNtXX5dmPp7b5UrkLMMqpsIa/Lrj5D3Su+j1Xwq1m6QJ2XJ1AgjEjkI1v4Muzm7klianLE6XGxtmA==",
      "dev": true,
      "license": "MIT",
      "dependencies": {
        "@atproto/lexicon": "^0.6.0",
        "zod": "^3.23.8"
      }
    },
    "node_modules/@clack/core": {
      "version": "1.1.0",
      "resolved": "https://registry.npmjs.org/@clack/core/-/core-1.1.0.tgz",
      "integrity": "sha512-SVcm4Dqm2ukn64/8Gub2wnlA5nS2iWJyCkdNHcvNHPIeBTGojpdJ+9cZKwLfmqy7irD4N5qLteSilJlE0WLAtA==",
      "dev": true,
      "license": "MIT",
      "dependencies": {
        "sisteransi": "^1.0.5"
      }
    },
    "node_modules/@clack/prompts": {
      "version": "1.1.0",
      "resolved": "https://registry.npmjs.org/@clack/prompts/-/prompts-1.1.0.tgz",
      "integrity": "sha512-pkqbPGtohJAvm4Dphs2M8xE29ggupihHdy1x84HNojZuMtFsHiUlRvqD24tM2+XmI+61LlfNceM3Wr7U5QES5g==",
      "dev": true,
      "license": "MIT",
      "dependencies": {
        "@clack/core": "1.1.0",
        "sisteransi": "^1.0.5"
      }
    },
    "node_modules/@shopify/liquid-html-parser": {
      "version": "2.9.0",
      "resolved": "https://registry.npmjs.org/@shopify/liquid-html-parser/-/liquid-html-parser-2.9.0.tgz",
      "integrity": "sha512-bkI4tLbU47YUxpgbMa9fgeJjFEMvRNEFL644Yk0ZKo5H1IRzU4pPyCQ6PkGvb0JJnt7OZ+RDGvb6ZLCnAR2Z/A==",
      "dev": true,
      "license": "MIT",
      "dependencies": {
        "line-column": "^1.0.2",
        "ohm-js": "^17.0.0"
      }
    },
    "node_modules/@shopify/prettier-plugin-liquid": {
      "version": "1.10.0",
      "resolved": "https://registry.npmjs.org/@shopify/prettier-plugin-liquid/-/prettier-plugin-liquid-1.10.0.tgz",
      "integrity": "sha512-csHYjwuT34o8ja6EY0dUBYQS5UVwsKwRYxGiuG816Ov0B8lVd8FUjOwWUk2SnrNx3cGgL0no7z+Byapp7sC1Uw==",
      "dev": true,
      "license": "MIT",
      "dependencies": {
        "@shopify/liquid-html-parser": "^2.9.0",
        "html-styles": "^1.0.0"
      },
      "peerDependencies": {
        "prettier": "^2.0.0 || ^3.0.0"
      }
    },
    "node_modules/ansi-regex": {
      "version": "6.2.2",
      "resolved": "https://registry.npmjs.org/ansi-regex/-/ansi-regex-6.2.2.tgz",
      "integrity": "sha512-Bq3SmSpyFHaWjPk8If9yc6svM8c56dB5BAtW4Qbw5jHTwwXXcTLoRMkpDJp6VL0XzlWaCHTXrkFURMYmD0sLqg==",
      "dev": true,
      "license": "MIT",
      "engines": {
        "node": ">=12"
      },
      "funding": {
        "url": "https://github.com/chalk/ansi-regex?sponsor=1"
      }
    },
    "node_modules/argparse": {
      "version": "2.0.1",
      "resolved": "https://registry.npmjs.org/argparse/-/argparse-2.0.1.tgz",
      "integrity": "sha512-8+9WqebbFzpX9OR+Wa6O29asIogeRMzcGtAINdpMHHyAg10f05aSFVBbcEqGf/PXw1EjAZ+q2/bEBg3DvurK3Q==",
      "dev": true,
      "license": "Python-2.0"
    },
    "node_modules/await-lock": {
      "version": "2.2.2",
      "resolved": "https://registry.npmjs.org/await-lock/-/await-lock-2.2.2.tgz",
      "integrity": "sha512-aDczADvlvTGajTDjcjpJMqRkOF6Qdz3YbPZm/PyW6tKPkx2hlYBzxMhEywM/tU72HrVZjgl5VCdRuMlA7pZ8Gw==",
      "dev": true,
      "license": "MIT"
    },
    "node_modules/balanced-match": {
      "version": "4.0.4",
      "resolved": "https://registry.npmjs.org/balanced-match/-/balanced-match-4.0.4.tgz",
      "integrity": "sha512-BLrgEcRTwX2o6gGxGOCNyMvGSp35YofuYzw9h1IMTRmKqttAZZVU67bdb9Pr2vUHA8+j3i2tJfjO6C6+4myGTA==",
      "dev": true,
      "license": "MIT",
      "engines": {
        "node": "18 || 20 || >=22"
      }
    },
    "node_modules/brace-expansion": {
      "version": "5.0.4",
      "resolved": "https://registry.npmjs.org/brace-expansion/-/brace-expansion-5.0.4.tgz",
      "integrity": "sha512-h+DEnpVvxmfVefa4jFbCf5HdH5YMDXRsmKflpf1pILZWRFlTbJpxeU55nJl4Smt5HQaGzg1o6RHFPJaOqnmBDg==",
      "dev": true,
      "license": "MIT",
      "dependencies": {
        "balanced-match": "^4.0.2"
      },
      "engines": {
        "node": "18 || 20 || >=22"
      }
    },
    "node_modules/bundle-name": {
      "version": "4.1.0",
      "resolved": "https://registry.npmjs.org/bundle-name/-/bundle-name-4.1.0.tgz",
      "integrity": "sha512-tjwM5exMg6BGRI+kNmTntNsvdZS1X8BFYS6tnJ2hdH0kVxM6/eVZ2xy+FqStSWvYmtfFMDLIxurorHwDKfDz5Q==",
      "dev": true,
      "license": "MIT",
      "dependencies": {
        "run-applescript": "^7.0.0"
      },
      "engines": {
        "node": ">=18"
      },
      "funding": {
        "url": "https://github.com/sponsors/sindresorhus"
      }
    },
    "node_modules/chalk": {
      "version": "5.6.2",
      "resolved": "https://registry.npmjs.org/chalk/-/chalk-5.6.2.tgz",
      "integrity": "sha512-7NzBL0rN6fMUW+f7A6Io4h40qQlG+xGmtMxfbnH/K7TAtt8JQWVQK+6g0UXKMeVJoyV5EkkNsErQ8pVD3bLHbA==",
      "dev": true,
      "license": "MIT",
      "engines": {
        "node": "^12.17.0 || ^14.13 || >=16.0.0"
      },
      "funding": {
        "url": "https://github.com/chalk/chalk?sponsor=1"
      }
    },
    "node_modules/cmd-ts": {
      "version": "0.14.3",
      "resolved": "https://registry.npmjs.org/cmd-ts/-/cmd-ts-0.14.3.tgz",
      "integrity": "sha512-i9miaLBHGPn4T4vUFUdAdWoQ9HI8ato6usFrhubO21o/MQGqI6Nsqyd4ncZusT2chvPetNMmTt0JWkbaAOdWPg==",
      "dev": true,
      "license": "MIT",
      "dependencies": {
        "chalk": "^5.4.1",
        "debug": "^4.4.1",
        "didyoumean": "^1.2.2",
        "strip-ansi": "^7.1.0"
      }
    },
    "node_modules/core-js": {
      "version": "3.49.0",
      "resolved": "https://registry.npmjs.org/core-js/-/core-js-3.49.0.tgz",
      "integrity": "sha512-es1U2+YTtzpwkxVLwAFdSpaIMyQaq0PBgm3YD1W3Qpsn1NAmO3KSgZfu+oGSWVu6NvLHoHCV/aYcsE5wiB7ALg==",
      "dev": true,
      "hasInstallScript": true,
      "license": "MIT",
      "funding": {
        "type": "opencollective",
        "url": "https://opencollective.com/core-js"
      }
    },
    "node_modules/debug": {
      "version": "4.4.3",
      "resolved": "https://registry.npmjs.org/debug/-/debug-4.4.3.tgz",
      "integrity": "sha512-RGwwWnwQvkVfavKVt22FGLw+xYSdzARwm0ru6DhTVA3umU5hZc28V3kO4stgYryrTlLpuvgI9GiijltAjNbcqA==",
      "dev": true,
      "license": "MIT",
      "dependencies": {
        "ms": "^2.1.3"
      },
      "engines": {
        "node": ">=6.0"
      },
      "peerDependenciesMeta": {
        "supports-color": {
          "optional": true
        }
      }
    },
    "node_modules/default-browser": {
      "version": "5.5.0",
      "resolved": "https://registry.npmjs.org/default-browser/-/default-browser-5.5.0.tgz",
      "integrity": "sha512-H9LMLr5zwIbSxrmvikGuI/5KGhZ8E2zH3stkMgM5LpOWDutGM2JZaj460Udnf1a+946zc7YBgrqEWwbk7zHvGw==",
      "dev": true,
      "license": "MIT",
      "dependencies": {
        "bundle-name": "^4.1.0",
        "default-browser-id": "^5.0.0"
      },
      "engines": {
        "node": ">=18"
      },
      "funding": {
        "url": "https://github.com/sponsors/sindresorhus"
      }
    },
    "node_modules/default-browser-id": {
      "version": "5.0.1",
      "resolved": "https://registry.npmjs.org/default-browser-id/-/default-browser-id-5.0.1.tgz",
      "integrity": "sha512-x1VCxdX4t+8wVfd1so/9w+vQ4vx7lKd2Qp5tDRutErwmR85OgmfX7RlLRMWafRMY7hbEiXIbudNrjOAPa/hL8Q==",
      "dev": true,
      "license": "MIT",
      "engines": {
        "node": ">=18"
      },
      "funding": {
        "url": "https://github.com/sponsors/sindresorhus"
      }
    },
    "node_modules/define-lazy-prop": {
      "version": "3.0.0",
      "resolved": "https://registry.npmjs.org/define-lazy-prop/-/define-lazy-prop-3.0.0.tgz",
      "integrity": "sha512-N+MeXYoqr3pOgn8xfyRPREN7gHakLYjhsHhWGT3fWAiL4IkAt0iDw14QiiEm2bE30c5XX5q0FtAA3CK5f9/BUg==",
      "dev": true,
      "license": "MIT",
      "engines": {
        "node": ">=12"
      },
      "funding": {
        "url": "https://github.com/sponsors/sindresorhus"
      }
    },
    "node_modules/didyoumean": {
      "version": "1.2.2",
      "resolved": "https://registry.npmjs.org/didyoumean/-/didyoumean-1.2.2.tgz",
      "integrity": "sha512-gxtyfqMg7GKyhQmb056K7M3xszy/myH8w+B4RT+QXBQsvAOdc3XymqDDPHx1BgPgsdAA5SIifona89YtRATDzw==",
      "dev": true,
      "license": "Apache-2.0"
    },
    "node_modules/glob": {
      "version": "13.0.6",
      "resolved": "https://registry.npmjs.org/glob/-/glob-13.0.6.tgz",
      "integrity": "sha512-Wjlyrolmm8uDpm/ogGyXZXb1Z+Ca2B8NbJwqBVg0axK9GbBeoS7yGV6vjXnYdGm6X53iehEuxxbyiKp8QmN4Vw==",
      "dev": true,
      "license": "BlueOak-1.0.0",
      "dependencies": {
        "minimatch": "^10.2.2",
        "minipass": "^7.1.3",
        "path-scurry": "^2.0.2"
      },
      "engines": {
        "node": "18 || 20 || >=22"
      },
      "funding": {
        "url": "https://github.com/sponsors/isaacs"
      }
    },
    "node_modules/html-styles": {
      "version": "1.0.0",
      "resolved": "https://registry.npmjs.org/html-styles/-/html-styles-1.0.0.tgz",
      "integrity": "sha512-cDl5dcj73oI4Hy0DSUNh54CAwslNLJRCCoO+RNkVo+sBrjA/0+7E/xzvj3zH/GxbbBLGJhE0hBe1eg+0FINC6w==",
      "dev": true,
      "license": "MIT"
    },
    "node_modules/ipaddr.js": {
      "version": "2.3.0",
      "resolved": "https://registry.npmjs.org/ipaddr.js/-/ipaddr.js-2.3.0.tgz",
      "integrity": "sha512-Zv/pA+ciVFbCSBBjGfaKUya/CcGmUHzTydLMaTwrUUEM2DIEO3iZvueGxmacvmN50fGpGVKeTXpb2LcYQxeVdg==",
      "dev": true,
      "license": "MIT",
      "engines": {
        "node": ">= 10"
      }
    },
    "node_modules/is-docker": {
      "version": "3.0.0",
      "resolved": "https://registry.npmjs.org/is-docker/-/is-docker-3.0.0.tgz",
      "integrity": "sha512-eljcgEDlEns/7AXFosB5K/2nCM4P7FQPkGc/DWLy5rmFEWvZayGrik1d9/QIY5nJ4f9YsVvBkA6kJpHn9rISdQ==",
      "dev": true,
      "license": "MIT",
      "bin": {
        "is-docker": "cli.js"
      },
      "engines": {
        "node": "^12.20.0 || ^14.13.1 || >=16.0.0"
      },
      "funding": {
        "url": "https://github.com/sponsors/sindresorhus"
      }
    },
    "node_modules/is-in-ssh": {
      "version": "1.0.0",
      "resolved": "https://registry.npmjs.org/is-in-ssh/-/is-in-ssh-1.0.0.tgz",
      "integrity": "sha512-jYa6Q9rH90kR1vKB6NM7qqd1mge3Fx4Dhw5TVlK1MUBqhEOuCagrEHMevNuCcbECmXZ0ThXkRm+Ymr51HwEPAw==",
      "dev": true,
      "license": "MIT",
      "engines": {
        "node": ">=20"
      },
      "funding": {
        "url": "https://github.com/sponsors/sindresorhus"
      }
    },
    "node_modules/is-inside-container": {
      "version": "1.0.0",
      "resolved": "https://registry.npmjs.org/is-inside-container/-/is-inside-container-1.0.0.tgz",
      "integrity": "sha512-KIYLCCJghfHZxqjYBE7rEy0OBuTd5xCHS7tHVgvCLkx7StIoaxwNW3hCALgEUjFfeRk+MG/Qxmp/vtETEF3tRA==",
      "dev": true,
      "license": "MIT",
      "dependencies": {
        "is-docker": "^3.0.0"
      },
      "bin": {
        "is-inside-container": "cli.js"
      },
      "engines": {
        "node": ">=14.16"
      },
      "funding": {
        "url": "https://github.com/sponsors/sindresorhus"
      }
    },
    "node_modules/is-wsl": {
      "version": "3.1.1",
      "resolved": "https://registry.npmjs.org/is-wsl/-/is-wsl-3.1.1.tgz",
      "integrity": "sha512-e6rvdUCiQCAuumZslxRJWR/Doq4VpPR82kqclvcS0efgt430SlGIk05vdCN58+VrzgtIcfNODjozVielycD4Sw==",
      "dev": true,
      "license": "MIT",
      "dependencies": {
        "is-inside-container": "^1.0.0"
      },
      "engines": {
        "node": ">=16"
      },
      "funding": {
        "url": "https://github.com/sponsors/sindresorhus"
      }
    },
    "node_modules/isarray": {
      "version": "1.0.0",
      "resolved": "https://registry.npmjs.org/isarray/-/isarray-1.0.0.tgz",
      "integrity": "sha512-VLghIWNM6ELQzo7zwmcg0NmTVyWKYjvIeM83yjp0wRDTmUnrM678fQbcKBo6n2CJEF0szoG//ytg+TKla89ALQ==",
      "dev": true,
      "license": "MIT"
    },
    "node_modules/iso-datestring-validator": {
      "version": "2.2.2",
      "resolved": "https://registry.npmjs.org/iso-datestring-validator/-/iso-datestring-validator-2.2.2.tgz",
      "integrity": "sha512-yLEMkBbLZTlVQqOnQ4FiMujR6T4DEcCb1xizmvXS+OxuhwcbtynoosRzdMA69zZCShCNAbi+gJ71FxZBBXx1SA==",
      "dev": true,
      "license": "MIT"
    },
    "node_modules/isobject": {
      "version": "2.1.0",
      "resolved": "https://registry.npmjs.org/isobject/-/isobject-2.1.0.tgz",
      "integrity": "sha512-+OUdGJlgjOBZDfxnDjYYG6zp487z0JGNQq3cYQYg5f5hKR+syHMsaztzGeml/4kGG55CSpKSpWTY+jYGgsHLgA==",
      "dev": true,
      "license": "MIT",
      "dependencies": {
        "isarray": "1.0.0"
      },
      "engines": {
        "node": ">=0.10.0"
      }
    },
    "node_modules/jose": {
      "version": "5.10.0",
      "resolved": "https://registry.npmjs.org/jose/-/jose-5.10.0.tgz",
      "integrity": "sha512-s+3Al/p9g32Iq+oqXxkW//7jk2Vig6FF1CFqzVXoTUXt2qz89YWbL+OwS17NFYEvxC35n0FKeGO2LGYSxeM2Gg==",
      "dev": true,
      "license": "MIT",
      "funding": {
        "url": "https://github.com/sponsors/panva"
      }
    },
    "node_modules/js-yaml": {
      "version": "4.1.1",
      "resolved": "https://registry.npmjs.org/js-yaml/-/js-yaml-4.1.1.tgz",
      "integrity": "sha512-qQKT4zQxXl8lLwBtHMWwaTcGfFOZviOJet3Oy/xmGk2gZH677CJM9EvtfdSkgWcATZhj/55JZ0rmy3myCT5lsA==",
      "dev": true,
      "license": "MIT",
      "dependencies": {
        "argparse": "^2.0.1"
      },
      "bin": {
        "js-yaml": "bin/js-yaml.js"
      }
    },
    "node_modules/line-column": {
      "version": "1.0.2",
      "resolved": "https://registry.npmjs.org/line-column/-/line-column-1.0.2.tgz",
      "integrity": "sha512-Ktrjk5noGYlHsVnYWh62FLVs4hTb8A3e+vucNZMgPeAOITdshMSgv4cCZQeRDjm7+goqmo6+liZwTXo+U3sVww==",
      "dev": true,
      "license": "MIT",
      "dependencies": {
        "isarray": "^1.0.0",
        "isobject": "^2.0.0"
      }
    },
    "node_modules/lru-cache": {
      "version": "10.4.3",
      "resolved": "https://registry.npmjs.org/lru-cache/-/lru-cache-10.4.3.tgz",
      "integrity": "sha512-JNAzZcXrCt42VGLuYz0zfAzDfAvJWW6AfYlDBQyDV5DClI2m5sAmK+OIO7s59XfsRsWHp02jAJrRadPRGTt6SQ==",
      "dev": true,
      "license": "ISC"
    },
    "node_modules/mime-db": {
      "version": "1.52.0",
      "resolved": "https://registry.npmjs.org/mime-db/-/mime-db-1.52.0.tgz",
      "integrity": "sha512-sPU4uV7dYlvtWJxwwxHD0PuihVNiE7TyAbQ5SWxDCB9mUYvOgroQOwYQQOKPJ8CIbE+1ETVlOoK1UC2nU3gYvg==",
      "dev": true,
      "license": "MIT",
      "engines": {
        "node": ">= 0.6"
      }
    },
    "node_modules/mime-types": {
      "version": "2.1.35",
      "resolved": "https://registry.npmjs.org/mime-types/-/mime-types-2.1.35.tgz",
      "integrity": "sha512-ZDY+bPm5zTTF+YpCrAU9nK0UgICYPT0QtT1NZWFv4s++TNkcgVaT0g6+4R2uI4MjQjzysHB1zxuWL50hzaeXiw==",
      "dev": true,
      "license": "MIT",
      "dependencies": {
        "mime-db": "1.52.0"
      },
      "engines": {
        "node": ">= 0.6"
      }
    },
    "node_modules/minimatch": {
      "version": "10.2.4",
      "resolved": "https://registry.npmjs.org/minimatch/-/minimatch-10.2.4.tgz",
      "integrity": "sha512-oRjTw/97aTBN0RHbYCdtF1MQfvusSIBQM0IZEgzl6426+8jSC0nF1a/GmnVLpfB9yyr6g6FTqWqiZVbxrtaCIg==",
      "dev": true,
      "license": "BlueOak-1.0.0",
      "dependencies": {
        "brace-expansion": "^5.0.2"
      },
      "engines": {
        "node": "18 || 20 || >=22"
      },
      "funding": {
        "url": "https://github.com/sponsors/isaacs"
      }
    },
    "node_modules/minipass": {
      "version": "7.1.3",
      "resolved": "https://registry.npmjs.org/minipass/-/minipass-7.1.3.tgz",
      "integrity": "sha512-tEBHqDnIoM/1rXME1zgka9g6Q2lcoCkxHLuc7ODJ5BxbP5d4c2Z5cGgtXAku59200Cx7diuHTOYfSBD8n6mm8A==",
      "dev": true,
      "license": "BlueOak-1.0.0",
      "engines": {
        "node": ">=16 || 14 >=14.17"
      }
    },
    "node_modules/ms": {
      "version": "2.1.3",
      "resolved": "https://registry.npmjs.org/ms/-/ms-2.1.3.tgz",
      "integrity": "sha512-6FlzubTLZG3J2a/NVCAleEhjzq5oxgHyaCU9yYXvcLsvoVaHJq/s5xXI6/XXP6tz7R9xAOtHnSO/tXtF3WRTlA==",
      "dev": true,
      "license": "MIT"
    },
    "node_modules/multiformats": {
      "version": "9.9.0",
      "resolved": "https://registry.npmjs.org/multiformats/-/multiformats-9.9.0.tgz",
      "integrity": "sha512-HoMUjhH9T8DDBNT+6xzkrd9ga/XiBI4xLr58LJACwK6G3HTOPeMz4nB4KJs33L2BelrIJa7P0VuNaVF3hMYfjg==",
      "dev": true,
      "license": "(Apache-2.0 AND MIT)"
    },
    "node_modules/ohm-js": {
      "version": "17.5.0",
      "resolved": "https://registry.npmjs.org/ohm-js/-/ohm-js-17.5.0.tgz",
      "integrity": "sha512-l4Sa7026+6jsvYbt0PXKmL+f+ML32fD++IznLgxDhx2t9Cx6NC7zwRqblCujPHGGmkQerHoeBzRutdxaw/S72g==",
      "dev": true,
      "license": "MIT",
      "engines": {
        "node": ">=0.12.1"
      }
    },
    "node_modules/open": {
      "version": "11.0.0",
      "resolved": "https://registry.npmjs.org/open/-/open-11.0.0.tgz",
      "integrity": "sha512-smsWv2LzFjP03xmvFoJ331ss6h+jixfA4UUV/Bsiyuu4YJPfN+FIQGOIiv4w9/+MoHkfkJ22UIaQWRVFRfH6Vw==",
      "dev": true,
      "license": "MIT",
      "dependencies": {
        "default-browser": "^5.4.0",
        "define-lazy-prop": "^3.0.0",
        "is-in-ssh": "^1.0.0",
        "is-inside-container": "^1.0.0",
        "powershell-utils": "^0.1.0",
        "wsl-utils": "^0.3.0"
      },
      "engines": {
        "node": ">=20"
      },
      "funding": {
        "url": "https://github.com/sponsors/sindresorhus"
      }
    },
    "node_modules/path-scurry": {
      "version": "2.0.2",
      "resolved": "https://registry.npmjs.org/path-scurry/-/path-scurry-2.0.2.tgz",
      "integrity": "sha512-3O/iVVsJAPsOnpwWIeD+d6z/7PmqApyQePUtCndjatj/9I5LylHvt5qluFaBT3I5h3r1ejfR056c+FCv+NnNXg==",
      "dev": true,
      "license": "BlueOak-1.0.0",
      "dependencies": {
        "lru-cache": "^11.0.0",
        "minipass": "^7.1.2"
      },
      "engines": {
        "node": "18 || 20 || >=22"
      },
      "funding": {
        "url": "https://github.com/sponsors/isaacs"
      }
    },
    "node_modules/path-scurry/node_modules/lru-cache": {
      "version": "11.2.7",
      "resolved": "https://registry.npmjs.org/lru-cache/-/lru-cache-11.2.7.tgz",
      "integrity": "sha512-aY/R+aEsRelme17KGQa/1ZSIpLpNYYrhcrepKTZgE+W3WM16YMCaPwOHLHsmopZHELU0Ojin1lPVxKR0MihncA==",
      "dev": true,
      "license": "BlueOak-1.0.0",
      "engines": {
        "node": "20 || >=22"
      }
    },
    "node_modules/powershell-utils": {
      "version": "0.1.0",
      "resolved": "https://registry.npmjs.org/powershell-utils/-/powershell-utils-0.1.0.tgz",
      "integrity": "sha512-dM0jVuXJPsDN6DvRpea484tCUaMiXWjuCn++HGTqUWzGDjv5tZkEZldAJ/UMlqRYGFrD/etByo4/xOuC/snX2A==",
      "dev": true,
      "license": "MIT",
      "engines": {
        "node": ">=20"
      },
      "funding": {
        "url": "https://github.com/sponsors/sindresorhus"
      }
    },
    "node_modules/prettier": {
      "version": "3.8.1",
      "resolved": "https://registry.npmjs.org/prettier/-/prettier-3.8.1.tgz",
      "integrity": "sha512-UOnG6LftzbdaHZcKoPFtOcCKztrQ57WkHDeRD9t/PTQtmT0NHSeWWepj6pS0z/N7+08BHFDQVUrfmfMRcZwbMg==",
      "dev": true,
      "license": "MIT",
      "bin": {
        "prettier": "bin/prettier.cjs"
      },
      "engines": {
        "node": ">=14"
      },
      "funding": {
        "url": "https://github.com/prettier/prettier?sponsor=1"
      }
    },
    "node_modules/run-applescript": {
      "version": "7.1.0",
      "resolved": "https://registry.npmjs.org/run-applescript/-/run-applescript-7.1.0.tgz",
      "integrity": "sha512-DPe5pVFaAsinSaV6QjQ6gdiedWDcRCbUuiQfQa2wmWV7+xC9bGulGI8+TdRmoFkAPaBXk8CrAbnlY2ISniJ47Q==",
      "dev": true,
      "license": "MIT",
      "engines": {
        "node": ">=18"
      },
      "funding": {
        "url": "https://github.com/sponsors/sindresorhus"
      }
    },
    "node_modules/sequoia-cli": {
      "version": "0.5.1",
      "resolved": "https://registry.npmjs.org/sequoia-cli/-/sequoia-cli-0.5.1.tgz",
      "integrity": "sha512-DTDf4zs3/QdbH5/DZUUDLF2j10/4AVyjHHncPbw7R+dPXvTqZokDGjz68aVfvN1vWyiznkJ03nDgmngCuWgEqw==",
      "dev": true,
      "dependencies": {
        "@atproto/api": "^0.18.17",
        "@atproto/oauth-client-node": "^0.3.16",
        "@clack/prompts": "^1.0.0",
        "cmd-ts": "^0.14.3",
        "glob": "^13.0.0",
        "js-yaml": "^4.1.1",
        "mime-types": "^2.1.35",
        "minimatch": "^10.1.1",
        "open": "^11.0.0",
        "smol-toml": "^1.6.0"
      },
      "bin": {
        "sequoia": "dist/index.js"
      },
      "peerDependencies": {
        "typescript": "^5"
      }
    },
    "node_modules/sisteransi": {
      "version": "1.0.5",
      "resolved": "https://registry.npmjs.org/sisteransi/-/sisteransi-1.0.5.tgz",
      "integrity": "sha512-bLGGlR1QxBcynn2d5YmDX4MGjlZvy2MRBDRNHLJ8VI6l6+9FUiyTFNJ0IveOSP0bcXgVDPRcfGqA0pjaqUpfVg==",
      "dev": true,
      "license": "MIT"
    },
    "node_modules/smol-toml": {
      "version": "1.6.0",
      "resolved": "https://registry.npmjs.org/smol-toml/-/smol-toml-1.6.0.tgz",
      "integrity": "sha512-4zemZi0HvTnYwLfrpk/CF9LOd9Lt87kAt50GnqhMpyF9U3poDAP2+iukq2bZsO/ufegbYehBkqINbsWxj4l4cw==",
      "dev": true,
      "license": "BSD-3-Clause",
      "engines": {
        "node": ">= 18"
      },
      "funding": {
        "url": "https://github.com/sponsors/cyyynthia"
      }
    },
    "node_modules/strip-ansi": {
      "version": "7.2.0",
      "resolved": "https://registry.npmjs.org/strip-ansi/-/strip-ansi-7.2.0.tgz",
      "integrity": "sha512-yDPMNjp4WyfYBkHnjIRLfca1i6KMyGCtsVgoKe/z1+6vukgaENdgGBZt+ZmKPc4gavvEZ5OgHfHdrazhgNyG7w==",
      "dev": true,
      "license": "MIT",
      "dependencies": {
        "ansi-regex": "^6.2.2"
      },
      "engines": {
        "node": ">=12"
      },
      "funding": {
        "url": "https://github.com/chalk/strip-ansi?sponsor=1"
      }
    },
    "node_modules/tlds": {
      "version": "1.261.0",
      "resolved": "https://registry.npmjs.org/tlds/-/tlds-1.261.0.tgz",
      "integrity": "sha512-QXqwfEl9ddlGBaRFXIvNKK6OhipSiLXuRuLJX5DErz0o0Q0rYxulWLdFryTkV5PkdZct5iMInwYEGe/eR++1AA==",
      "dev": true,
      "license": "MIT",
      "bin": {
        "tlds": "bin.js"
      }
    },
    "node_modules/tslib": {
      "version": "2.8.1",
      "resolved": "https://registry.npmjs.org/tslib/-/tslib-2.8.1.tgz",
      "integrity": "sha512-oJFu94HQb+KVduSUQL7wnpmqnfmLsOA/nAh6b6EH0wCEoK0/mPeXU6c3wKDV83MkOuHPRHtSXKKU99IBazS/2w==",
      "dev": true,
      "license": "0BSD"
    },
    "node_modules/typescript": {
      "version": "5.9.3",
      "resolved": "https://registry.npmjs.org/typescript/-/typescript-5.9.3.tgz",
      "integrity": "sha512-jl1vZzPDinLr9eUt3J/t7V6FgNEw9QjvBPdysz9KfQDD41fQrC2Y4vKQdiaUpFT4bXlb1RHhLpp8wtm6M5TgSw==",
      "dev": true,
      "license": "Apache-2.0",
      "peer": true,
      "bin": {
        "tsc": "bin/tsc",
        "tsserver": "bin/tsserver"
      },
      "engines": {
        "node": ">=14.17"
      }
    },
    "node_modules/uint8arrays": {
      "version": "3.0.0",
      "resolved": "https://registry.npmjs.org/uint8arrays/-/uint8arrays-3.0.0.tgz",
      "integrity": "sha512-HRCx0q6O9Bfbp+HHSfQQKD7wU70+lydKVt4EghkdOvlK/NlrF90z+eXV34mUd48rNvVJXwkrMSPpCATkct8fJA==",
      "dev": true,
      "license": "MIT",
      "dependencies": {
        "multiformats": "^9.4.2"
      }
    },
    "node_modules/undici": {
      "version": "6.24.1",
      "resolved": "https://registry.npmjs.org/undici/-/undici-6.24.1.tgz",
      "integrity": "sha512-sC+b0tB1whOCzbtlx20fx3WgCXwkW627p4EA9uM+/tNNPkSS+eSEld6pAs9nDv7WbY1UUljBMYPtu9BCOrCWKA==",
      "dev": true,
      "license": "MIT",
      "engines": {
        "node": ">=18.17"
      }
    },
    "node_modules/unicode-segmenter": {
      "version": "0.14.5",
      "resolved": "https://registry.npmjs.org/unicode-segmenter/-/unicode-segmenter-0.14.5.tgz",
      "integrity": "sha512-jHGmj2LUuqDcX3hqY12Ql+uhUTn8huuxNZGq7GvtF6bSybzH3aFgedYu/KTzQStEgt1Ra2F3HxadNXsNjb3m3g==",
      "dev": true,
      "license": "MIT"
    },
    "node_modules/wsl-utils": {
      "version": "0.3.1",
      "resolved": "https://registry.npmjs.org/wsl-utils/-/wsl-utils-0.3.1.tgz",
      "integrity": "sha512-g/eziiSUNBSsdDJtCLB8bdYEUMj4jR7AGeUo96p/3dTafgjHhpF4RiCFPiRILwjQoDXx5MqkBr4fwWtR3Ky4Wg==",
      "dev": true,
      "license": "MIT",
      "dependencies": {
        "is-wsl": "^3.1.0",
        "powershell-utils": "^0.1.0"
      },
      "engines": {
        "node": ">=20"
      },
      "funding": {
        "url": "https://github.com/sponsors/sindresorhus"
      }
    },
    "node_modules/zod": {
      "version": "3.25.76",
      "resolved": "https://registry.npmjs.org/zod/-/zod-3.25.76.tgz",
      "integrity": "sha512-gzUt/qt81nXsFGKIFcC3YnfEAx5NkunCfnDlvuBSSFS02bcXu4Lmea0AFIUwbLWxWPx3d9p8S5QoaujKcNQxcQ==",
      "dev": true,
      "license": "MIT",
      "funding": {
        "url": "https://github.com/sponsors/colinhacks"
      }
    }
  }
}
